
Microsoft Visual Studio Solution File, Format Version 12.00
# Visual Studio Version 17
VisualStudioVersion = 17.14.36623.8
MinimumVisualStudioVersion = 10.0.40219.1
Project("{FAE04EC0-301F-11D3-BF4B-00C04F79EFBC}") = "DTO", "DTO\DTO.csproj", "{6FA8440C-1FBE-4DBA-9330-27C4ABA51E53}"
EndProject
Project("{FAE04EC0-301F-11D3-BF4B-00C04F79EFBC}") = "GUI", "GUI\GUI.csproj", "{4E8C8AEE-728D-4584-B924-2E2C5BC6DD78}"
EndProject
Project("{FAE04EC0-301F-11D3-BF4B-00C04F79EFBC}") = "DAL", "DAL\DAL.csproj", "{75E89623-AD1E-432E-A4C6-F8665E75DC8F}"
EndProject
Project("{FAE04EC0-301F-11D3-BF4B-00C04F79EFBC}") = "BUS", "BUS1\BUS.csproj", "{90D50EA7-4844-4FA0-8EFD-10ED4890D173}"
EndProject
Global
	GlobalSection(SolutionConfigurationPlatforms) = preSolution
		Debug|Any CPU = Debug|Any CPU
		Release|Any CPU = Release|Any CPU
	EndGlobalSection
	GlobalSection(ProjectConfigurationPlatforms) = postSolution
		{6FA8440C-1FBE-4DBA-9330-27C4ABA51E53}.Debug|Any CPU.ActiveCfg = Debug|Any CPU
		{6FA8440C-1FBE-4DBA-9330-27C4ABA51E53}.Debug|Any CPU.Build.0 = Debug|Any CPU
		{6FA8440C-1FBE-4DBA-9330-27C4ABA51E53}.Release|Any CPU.ActiveCfg = Release|Any CPU
		{6FA8440C-1FBE-4DBA-9330-27C4ABA51E53}.Release|Any CPU.Build.0 = Release|Any CPU
		{4E8C8AEE-728D-4584-B924-2E2C5BC6DD78}.Debug|Any CPU.ActiveCfg = Debug|Any CPU
		{4E8C8AEE-728D-4584-B924-2E2C5BC6DD78}.Debug|Any CPU.Build.0 = Debug|Any CPU
		{4E8C8AEE-728D-4584-B924-2E2C5BC6DD78}.Release|Any CPU.ActiveCfg = Release|Any CPU
		{4E8C8AEE-728D-4584-B924-2E2C5BC6DD78}.Release|Any CPU.Build.0 = Release|Any CPU
		{75E89623-AD1E-432E-A4C6-F8665E75DC8F}.Debug|Any CPU.ActiveCfg = Debug|Any CPU
		{75E89623-AD1E-432E-A4C6-F8665E75DC8F}.Debug|Any CPU.Build.0 = Debug|Any CPU
		{75E89623-AD1E-432E-A4C6-F8665E75DC8F}.Release|Any CPU.ActiveCfg = Release|Any CPU
		{75E89623-AD1E-432E-A4C6-F8665E75DC8F}.Release|Any CPU.Build.0 = Release|Any CPU
		{90D50EA7-4844-4FA0-8EFD-10ED4890D173}.Debug|Any CPU.ActiveCfg = Debug|Any CPU
		{90D50EA7-4844-4FA0-8EFD-10ED4890D173}.Debug|Any CPU.Build.0 = Debug|Any CPU
		{90D50EA7-4844-4FA0-8EFD-10ED4890D173}.Release|Any CPU.ActiveCfg = Release|Any CPU
		{90D50EA7-4844-4FA0-8EFD-10ED4890D173}.Release|Any CPU.Build.0 = Release|Any CPU
	EndGlobalSection
	GlobalSection(SolutionProperties) = preSolution
		HideSolutionNode = FALSE
	EndGlobalSection
	GlobalSection(ExtensibilityGlobals) = postSolution
		SolutionGuid = {67F42F6E-8D24-451E-B14B-64DAE1B4D017}
	EndGlobalSection
EndGlobal
